<Solution>
  <Project Path="Hospital.BLL/Hospital.BLL.csproj" Id="9fd6a785-fcd3-4a7c-9886-dce10026788c" />
  <Project Path="Hospital.DAL/Hospital.DAL.csproj" Id="e1cea754-28c6-431a-87eb-890eaabfcd0c" />
  <Project Path="Hospital.Tests/Hospital.Tests.csproj" Id="d18d8406-0877-4c8c-ad9f-cfe959c833c1" />
</Solution>
